
Microsoft Visual Studio Solution File, Format Version 12.00
# Visual Studio Version 17
VisualStudioVersion = 17.14.36203.30 d17.14
MinimumVisualStudioVersion = 10.0.40219.1
Project("{FAE04EC0-301F-11D3-BF4B-00C04F79EFBC}") = "CityInfo.API", "CityInfo.API\CityInfo.API.csproj", "{68C8C5DE-4844-43EA-BC67-3BA8F84325A0}"
EndProject
Global
	GlobalSection(SolutionConfigurationPlatforms) = preSolution
		Debug|Any CPU = Debug|Any CPU
		Release|Any CPU = Release|Any CPU
	EndGlobalSection
	GlobalSection(ProjectConfigurationPlatforms) = postSolution
		{68C8C5DE-4844-43EA-BC67-3BA8F84325A0}.Debug|Any CPU.ActiveCfg = Debug|Any CPU
		{68C8C5DE-4844-43EA-BC67-3BA8F84325A0}.Debug|Any CPU.Build.0 = Debug|Any CPU
		{68C8C5DE-4844-43EA-BC67-3BA8F84325A0}.Release|Any CPU.ActiveCfg = Release|Any CPU
		{68C8C5DE-4844-43EA-BC67-3BA8F84325A0}.Release|Any CPU.Build.0 = Release|Any CPU
	EndGlobalSection
	GlobalSection(SolutionProperties) = preSolution
		HideSolutionNode = FALSE
	EndGlobalSection
	GlobalSection(ExtensibilityGlobals) = postSolution
		SolutionGuid = {A100143F-3A4C-4295-A0BB-BB0315126A75}
	EndGlobalSection
EndGlobal
